
Microsoft Visual Studio Solution File, Format Version 12.00
# Visual Studio Version 17
VisualStudioVersion = 17.9.34723.18
MinimumVisualStudioVersion = 10.0.40219.1
Project("{FAE04EC0-301F-11D3-BF4B-00C04F79EFBC}") = "Classes", "Classes\Classes.csproj", "{AA7AAA66-FAE4-4D78-9169-E1D21E80D09E}"
EndProject
Global
	GlobalSection(SolutionConfigurationPlatforms) = preSolution
		Debug|Any CPU = Debug|Any CPU
		Release|Any CPU = Release|Any CPU
	EndGlobalSection
	GlobalSection(ProjectConfigurationPlatforms) = postSolution
		{AA7AAA66-FAE4-4D78-9169-E1D21E80D09E}.Debug|Any CPU.ActiveCfg = Debug|Any CPU
		{AA7AAA66-FAE4-4D78-9169-E1D21E80D09E}.Debug|Any CPU.Build.0 = Debug|Any CPU
		{AA7AAA66-FAE4-4D78-9169-E1D21E80D09E}.Release|Any CPU.ActiveCfg = Release|Any CPU
		{AA7AAA66-FAE4-4D78-9169-E1D21E80D09E}.Release|Any CPU.Build.0 = Release|Any CPU
	EndGlobalSection
	GlobalSection(SolutionProperties) = preSolution
		HideSolutionNode = FALSE
	EndGlobalSection
	GlobalSection(ExtensibilityGlobals) = postSolution
		SolutionGuid = {F0925529-E314-4CAD-9D35-F6CBF657F044}
	EndGlobalSection
EndGlobal
