
Microsoft Visual Studio Solution File, Format Version 12.00
# Visual Studio Version 17
VisualStudioVersion = 17.9.34723.18
MinimumVisualStudioVersion = 10.0.40219.1
Project("{FAE04EC0-301F-11D3-BF4B-00C04F79EFBC}") = "EstruturaRepetitivaWhile", "EstruturaRepetitivaWhile\EstruturaRepetitivaWhile.csproj", "{0702B252-578E-4BCA-AC69-EC442BFC41D5}"
EndProject
Global
	GlobalSection(SolutionConfigurationPlatforms) = preSolution
		Debug|Any CPU = Debug|Any CPU
		Release|Any CPU = Release|Any CPU
	EndGlobalSection
	GlobalSection(ProjectConfigurationPlatforms) = postSolution
		{0702B252-578E-4BCA-AC69-EC442BFC41D5}.Debug|Any CPU.ActiveCfg = Debug|Any CPU
		{0702B252-578E-4BCA-AC69-EC442BFC41D5}.Debug|Any CPU.Build.0 = Debug|Any CPU
		{0702B252-578E-4BCA-AC69-EC442BFC41D5}.Release|Any CPU.ActiveCfg = Release|Any CPU
		{0702B252-578E-4BCA-AC69-EC442BFC41D5}.Release|Any CPU.Build.0 = Release|Any CPU
	EndGlobalSection
	GlobalSection(SolutionProperties) = preSolution
		HideSolutionNode = FALSE
	EndGlobalSection
	GlobalSection(ExtensibilityGlobals) = postSolution
		SolutionGuid = {F8AE67EE-0A3E-4C98-AB15-654FD1F21871}
	EndGlobalSection
EndGlobal
