
Microsoft Visual Studio Solution File, Format Version 12.00
# Visual Studio Version 17
VisualStudioVersion = 17.9.34723.18
MinimumVisualStudioVersion = 10.0.40219.1
Project("{FAE04EC0-301F-11D3-BF4B-00C04F79EFBC}") = "ifElse", "ifElse\ifElse.csproj", "{B817C314-60D9-4D85-B242-1455BE4F7CD8}"
EndProject
Global
	GlobalSection(SolutionConfigurationPlatforms) = preSolution
		Debug|Any CPU = Debug|Any CPU
		Release|Any CPU = Release|Any CPU
	EndGlobalSection
	GlobalSection(ProjectConfigurationPlatforms) = postSolution
		{B817C314-60D9-4D85-B242-1455BE4F7CD8}.Debug|Any CPU.ActiveCfg = Debug|Any CPU
		{B817C314-60D9-4D85-B242-1455BE4F7CD8}.Debug|Any CPU.Build.0 = Debug|Any CPU
		{B817C314-60D9-4D85-B242-1455BE4F7CD8}.Release|Any CPU.ActiveCfg = Release|Any CPU
		{B817C314-60D9-4D85-B242-1455BE4F7CD8}.Release|Any CPU.Build.0 = Release|Any CPU
	EndGlobalSection
	GlobalSection(SolutionProperties) = preSolution
		HideSolutionNode = FALSE
	EndGlobalSection
	GlobalSection(ExtensibilityGlobals) = postSolution
		SolutionGuid = {644B154A-BCD6-47F4-832F-5EE3A64597D1}
	EndGlobalSection
EndGlobal
